
Microsoft Visual Studio Solution File, Format Version 12.00
# Visual Studio 2013
VisualStudioVersion = 12.0.30723.0
MinimumVisualStudioVersion = 10.0.40219.1
Project("{FAE04EC0-301F-11D3-BF4B-00C04F79EFBC}") = "sideapp", "sideapp\sideapp.csproj", "{EB1BDB10-7271-49C3-8575-5699DD5D82CA}"
EndProject
Global
	GlobalSection(SolutionConfigurationPlatforms) = preSolution
		Debug|Any CPU = Debug|Any CPU
		Release|Any CPU = Release|Any CPU
	EndGlobalSection
	GlobalSection(ProjectConfigurationPlatforms) = postSolution
		{EB1BDB10-7271-49C3-8575-5699DD5D82CA}.Debug|Any CPU.ActiveCfg = Debug|Any CPU
		{EB1BDB10-7271-49C3-8575-5699DD5D82CA}.Debug|Any CPU.Build.0 = Debug|Any CPU
		{EB1BDB10-7271-49C3-8575-5699DD5D82CA}.Release|Any CPU.ActiveCfg = Release|Any CPU
		{EB1BDB10-7271-49C3-8575-5699DD5D82CA}.Release|Any CPU.Build.0 = Release|Any CPU
	EndGlobalSection
	GlobalSection(SolutionProperties) = preSolution
		HideSolutionNode = FALSE
	EndGlobalSection
EndGlobal
